
Microsoft Visual Studio Solution File, Format Version 12.00
# Visual Studio Version 17
VisualStudioVersion = 17.5.002.0
MinimumVisualStudioVersion = 10.0.40219.1
Project("{9A19103F-16F7-4668-BE54-9A1E7A4F7556}") = "QuickSort", "QuickSort.csproj", "{21229C4F-19AD-4362-80DB-2A4ABD6A196B}"
EndProject
Global
	GlobalSection(SolutionConfigurationPlatforms) = preSolution
		Debug|Any CPU = Debug|Any CPU
		Release|Any CPU = Release|Any CPU
	EndGlobalSection
	GlobalSection(ProjectConfigurationPlatforms) = postSolution
		{21229C4F-19AD-4362-80DB-2A4ABD6A196B}.Debug|Any CPU.ActiveCfg = Debug|Any CPU
		{21229C4F-19AD-4362-80DB-2A4ABD6A196B}.Debug|Any CPU.Build.0 = Debug|Any CPU
		{21229C4F-19AD-4362-80DB-2A4ABD6A196B}.Release|Any CPU.ActiveCfg = Release|Any CPU
		{21229C4F-19AD-4362-80DB-2A4ABD6A196B}.Release|Any CPU.Build.0 = Release|Any CPU
	EndGlobalSection
	GlobalSection(SolutionProperties) = preSolution
		HideSolutionNode = FALSE
	EndGlobalSection
	GlobalSection(ExtensibilityGlobals) = postSolution
		SolutionGuid = {545FF517-3B16-4FDA-B13D-363979D0FAF4}
	EndGlobalSection
EndGlobal
