
Microsoft Visual Studio Solution File, Format Version 12.00
# Visual Studio Version 17
VisualStudioVersion = 17.5.002.0
MinimumVisualStudioVersion = 10.0.40219.1
Project("{9A19103F-16F7-4668-BE54-9A1E7A4F7556}") = "aula01", "aula01.csproj", "{3248CADE-74A6-4DE5-A671-5943271AC43E}"
EndProject
Global
	GlobalSection(SolutionConfigurationPlatforms) = preSolution
		Debug|Any CPU = Debug|Any CPU
		Release|Any CPU = Release|Any CPU
	EndGlobalSection
	GlobalSection(ProjectConfigurationPlatforms) = postSolution
		{3248CADE-74A6-4DE5-A671-5943271AC43E}.Debug|Any CPU.ActiveCfg = Debug|Any CPU
		{3248CADE-74A6-4DE5-A671-5943271AC43E}.Debug|Any CPU.Build.0 = Debug|Any CPU
		{3248CADE-74A6-4DE5-A671-5943271AC43E}.Release|Any CPU.ActiveCfg = Release|Any CPU
		{3248CADE-74A6-4DE5-A671-5943271AC43E}.Release|Any CPU.Build.0 = Release|Any CPU
	EndGlobalSection
	GlobalSection(SolutionProperties) = preSolution
		HideSolutionNode = FALSE
	EndGlobalSection
	GlobalSection(ExtensibilityGlobals) = postSolution
		SolutionGuid = {31EE5D5E-2959-4626-A3A1-79307E7CF1DF}
	EndGlobalSection
EndGlobal
